# THIS IS AN AUTOGENERATED FILE. DO NOT EDIT THIS FILE DIRECTLY.
# yarn lockfile v1


"@novnc/novnc@^1.1.0":
  version "1.1.0"
  resolved "https://registry.yarnpkg.com/@novnc/novnc/-/novnc-1.1.0.tgz#3827b623e9e201ee1e1c8a61d107c51cbfaeb871"
  integrity sha512-W90Q79EuCYT++39aT/VKGyk7hUt2gPN3rN+ifPUvY4rdjgZlfwdCg9q7yzj04hke/zgdHsbXFfyFijBvrRuU5A==

layui-src@^2.5.5:
  version "2.5.5"
  resolved "https://registry.yarnpkg.com/layui-src/-/layui-src-2.5.5.tgz#69cc2e5ca73c4cd0567753c35504e98609b40f5f"
  integrity sha512-KFmVoXaHauba3UyTByM+IhyzyZTBD4ytl9Pq5uU0rYKICVSplyFIWU7+whW4lBOhXWxqNK6QGU1iWc1pG2njZw==
